
Microsoft Visual Studio Solution File, Format Version 12.00
# Visual Studio Version 16
VisualStudioVersion = 16.0.30523.141
MinimumVisualStudioVersion = 10.0.40219.1
Project("{FAE04EC0-301F-11D3-BF4B-00C04F79EFBC}") = "Telephone", "Telephone\Telephone.csproj", "{C587BB13-B502-43D3-BA8F-3C70802A6ADC}"
EndProject
Global
	GlobalSection(SolutionConfigurationPlatforms) = preSolution
		Debug|Any CPU = Debug|Any CPU
		Release|Any CPU = Release|Any CPU
	EndGlobalSection
	GlobalSection(ProjectConfigurationPlatforms) = postSolution
		{C587BB13-B502-43D3-BA8F-3C70802A6ADC}.Debug|Any CPU.ActiveCfg = Debug|Any CPU
		{C587BB13-B502-43D3-BA8F-3C70802A6ADC}.Debug|Any CPU.Build.0 = Debug|Any CPU
		{C587BB13-B502-43D3-BA8F-3C70802A6ADC}.Release|Any CPU.ActiveCfg = Release|Any CPU
		{C587BB13-B502-43D3-BA8F-3C70802A6ADC}.Release|Any CPU.Build.0 = Release|Any CPU
	EndGlobalSection
	GlobalSection(SolutionProperties) = preSolution
		HideSolutionNode = FALSE
	EndGlobalSection
	GlobalSection(ExtensibilityGlobals) = postSolution
		SolutionGuid = {C3480D6F-0C84-432C-9075-6AD8344FDD7F}
	EndGlobalSection
EndGlobal
